// !$*UTF8*$!
{
	archiveVersion = 1;
	classes = {
	};
	objectVersion = 56;
	objects = {

/* Begin PBXBuildFile section */
		BC2030872B105158004A830A /* ScrollPreferenceKey.swift in Sources */ = {isa = PBXBuildFile; fileRef = BC2030862B105158004A830A /* ScrollPreferenceKey.swift */; };
		BC2030892B107248004A830A /* AnimationFontModifier.swift in Sources */ = {isa = PBXBuildFile; fileRef = BC2030882B107248004A830A /* AnimationFontModifier.swift */; };
		BC20308B2B107594004A830A /* FeaturCourse.swift in Sources */ = {isa = PBXBuildFile; fileRef = BC20308A2B107594004A830A /* FeaturCourse.swift */; };
		BC30AC572B18734100A79346 /* SignUpView.swift in Sources */ = {isa = PBXBuildFile; fileRef = BC30AC562B18734100A79346 /* SignUpView.swift */; };
		BC30AC592B1877E000A79346 /* AngularButtonStyle.swift in Sources */ = {isa = PBXBuildFile; fileRef = BC30AC582B1877E000A79346 /* AngularButtonStyle.swift */; };
		BC30AC5B2B18882300A79346 /* InputStyle.swift in Sources */ = {isa = PBXBuildFile; fileRef = BC30AC5A2B18882300A79346 /* InputStyle.swift */; };
		BC30AC5D2B18B1DF00A79346 /* ModalView.swift in Sources */ = {isa = PBXBuildFile; fileRef = BC30AC5C2B18B1DF00A79346 /* ModalView.swift */; };
		BC30AC5F2B18B24900A79346 /* SignInView.swift in Sources */ = {isa = PBXBuildFile; fileRef = BC30AC5E2B18B24900A79346 /* SignInView.swift */; };
		BC30AC632B18B9DF00A79346 /* AvatarView.swift in Sources */ = {isa = PBXBuildFile; fileRef = BC30AC622B18B9DF00A79346 /* AvatarView.swift */; };
		BC30AC652B19936E00A79346 /* Adress.swift in Sources */ = {isa = PBXBuildFile; fileRef = BC30AC642B19936E00A79346 /* Adress.swift */; };
		BC30AC672B19AC2600A79346 /* Coin.swift in Sources */ = {isa = PBXBuildFile; fileRef = BC30AC662B19AC2600A79346 /* Coin.swift */; };
		BC30AC692B19B1BB00A79346 /* CircularView.swift in Sources */ = {isa = PBXBuildFile; fileRef = BC30AC682B19B1BB00A79346 /* CircularView.swift */; };
		BC30AC6B2B19B3C900A79346 /* CourseSection.swift in Sources */ = {isa = PBXBuildFile; fileRef = BC30AC6A2B19B3C900A79346 /* CourseSection.swift */; };
		BC30AC6D2B19B4E200A79346 /* SectionRow.swift in Sources */ = {isa = PBXBuildFile; fileRef = BC30AC6C2B19B4E200A79346 /* SectionRow.swift */; };
		BC30AC6F2B19B79F00A79346 /* SectionView.swift in Sources */ = {isa = PBXBuildFile; fileRef = BC30AC6E2B19B79E00A79346 /* SectionView.swift */; };
		BC30AC712B19C53400A79346 /* PlayView.swift in Sources */ = {isa = PBXBuildFile; fileRef = BC30AC702B19C53400A79346 /* PlayView.swift */; };
		BC30AC732B19CC8E00A79346 /* ExploreView.swift in Sources */ = {isa = PBXBuildFile; fileRef = BC30AC722B19CC8E00A79346 /* ExploreView.swift */; };
		BC30AC752B19CD8500A79346 /* SmallCourseItem.swift in Sources */ = {isa = PBXBuildFile; fileRef = BC30AC742B19CD8500A79346 /* SmallCourseItem.swift */; };
		BC30AC772B19D31400A79346 /* Handbook.swift in Sources */ = {isa = PBXBuildFile; fileRef = BC30AC762B19D31400A79346 /* Handbook.swift */; };
		BC30AC792B19D44600A79346 /* HandBookItem.swift in Sources */ = {isa = PBXBuildFile; fileRef = BC30AC782B19D44600A79346 /* HandBookItem.swift */; };
		BC30AC7B2B19D90B00A79346 /* Topic.swift in Sources */ = {isa = PBXBuildFile; fileRef = BC30AC7A2B19D90B00A79346 /* Topic.swift */; };
		BC30AC7D2B19D98D00A79346 /* ListRow.swift in Sources */ = {isa = PBXBuildFile; fileRef = BC30AC7C2B19D98D00A79346 /* ListRow.swift */; };
		BC4DBC1B2B19FD7200C457F6 /* SegmentTabs.swift in Sources */ = {isa = PBXBuildFile; fileRef = BC4DBC1A2B19FD7200C457F6 /* SegmentTabs.swift */; };
		BC4DBC1D2B19FD9100C457F6 /* SegmentTabModel.swift in Sources */ = {isa = PBXBuildFile; fileRef = BC4DBC1C2B19FD9100C457F6 /* SegmentTabModel.swift */; };
		BC4DBC1F2B1A02A500C457F6 /* SegmentContentView.swift in Sources */ = {isa = PBXBuildFile; fileRef = BC4DBC1E2B1A02A500C457F6 /* SegmentContentView.swift */; };
		BC4DBC212B1A0D5300C457F6 /* RectRoundView.swift in Sources */ = {isa = PBXBuildFile; fileRef = BC4DBC202B1A0D5300C457F6 /* RectRoundView.swift */; };
		BC4DBC232B1A0F3B00C457F6 /* BarProgressStyle.swift in Sources */ = {isa = PBXBuildFile; fileRef = BC4DBC222B1A0F3B00C457F6 /* BarProgressStyle.swift */; };
		BC4DBC252B1D71D000C457F6 /* ChartView.swift in Sources */ = {isa = PBXBuildFile; fileRef = BC4DBC242B1D71D000C457F6 /* ChartView.swift */; };
		BC4DBC272B1D733800C457F6 /* ChartModel.swift in Sources */ = {isa = PBXBuildFile; fileRef = BC4DBC262B1D733800C457F6 /* ChartModel.swift */; };
		BC4DBC2A2B1DA6DF00C457F6 /* StaggeredView.swift in Sources */ = {isa = PBXBuildFile; fileRef = BC4DBC292B1DA6DF00C457F6 /* StaggeredView.swift */; };
		BC4DBC2C2B1DA6E900C457F6 /* StaggeredGrid.swift in Sources */ = {isa = PBXBuildFile; fileRef = BC4DBC2B2B1DA6E900C457F6 /* StaggeredGrid.swift */; };
		BC4DBC2E2B1DA91100C457F6 /* StaggeredItem.swift in Sources */ = {isa = PBXBuildFile; fileRef = BC4DBC2D2B1DA91100C457F6 /* StaggeredItem.swift */; };
		BC4DBC302B1DA92500C457F6 /* StaggeredModel.swift in Sources */ = {isa = PBXBuildFile; fileRef = BC4DBC2F2B1DA92500C457F6 /* StaggeredModel.swift */; };
		BC9545E12B0EFDE6005C15C1 /* SwiftUIDemoApp.swift in Sources */ = {isa = PBXBuildFile; fileRef = BC9545E02B0EFDE6005C15C1 /* SwiftUIDemoApp.swift */; };
		BC9545E32B0EFDE6005C15C1 /* MainContentView.swift in Sources */ = {isa = PBXBuildFile; fileRef = BC9545E22B0EFDE6005C15C1 /* MainContentView.swift */; };
		BC9545E52B0EFDE8005C15C1 /* Assets.xcassets in Resources */ = {isa = PBXBuildFile; fileRef = BC9545E42B0EFDE8005C15C1 /* Assets.xcassets */; };
		BC9545E82B0EFDE8005C15C1 /* Preview Assets.xcassets in Resources */ = {isa = PBXBuildFile; fileRef = BC9545E72B0EFDE8005C15C1 /* Preview Assets.xcassets */; };
		BC9545EF2B0F2C2A005C15C1 /* Styles.swift in Sources */ = {isa = PBXBuildFile; fileRef = BC9545EE2B0F2C2A005C15C1 /* Styles.swift */; };
		BC9545F12B0F2F5E005C15C1 /* AccountView.swift in Sources */ = {isa = PBXBuildFile; fileRef = BC9545F02B0F2F5E005C15C1 /* AccountView.swift */; };
		BC9546422B0F4C94005C15C1 /* HexagonView.swift in Sources */ = {isa = PBXBuildFile; fileRef = BC9546412B0F4C94005C15C1 /* HexagonView.swift */; };
		BC9546442B0F4FE5005C15C1 /* BlobView.swift in Sources */ = {isa = PBXBuildFile; fileRef = BC9546432B0F4FE5005C15C1 /* BlobView.swift */; };
		BC95464A2B0F61B8005C15C1 /* Tabbar.swift in Sources */ = {isa = PBXBuildFile; fileRef = BC9546492B0F61B8005C15C1 /* Tabbar.swift */; };
		BC95464E2B0F687D005C15C1 /* TabItem.swift in Sources */ = {isa = PBXBuildFile; fileRef = BC95464D2B0F687D005C15C1 /* TabItem.swift */; };
		BC9546502B0F7DDA005C15C1 /* HomeView.swift in Sources */ = {isa = PBXBuildFile; fileRef = BC95464F2B0F7DDA005C15C1 /* HomeView.swift */; };
		BC9546582B0F89C8005C15C1 /* FeaturedItem.swift in Sources */ = {isa = PBXBuildFile; fileRef = BC9546572B0F89C8005C15C1 /* FeaturedItem.swift */; };
		BC95465A2B0F8B4E005C15C1 /* NavigationBar.swift in Sources */ = {isa = PBXBuildFile; fileRef = BC9546592B0F8B4E005C15C1 /* NavigationBar.swift */; };
		BCC71C2B2B19E08000D4F288 /* NotificationsView.swift in Sources */ = {isa = PBXBuildFile; fileRef = BCC71C2A2B19E08000D4F288 /* NotificationsView.swift */; };
		BCC71C2D2B19E1A700D4F288 /* LibraryView.swift in Sources */ = {isa = PBXBuildFile; fileRef = BCC71C2C2B19E1A700D4F288 /* LibraryView.swift */; };
		BCC71C2F2B19E22D00D4F288 /* CertificateView.swift in Sources */ = {isa = PBXBuildFile; fileRef = BCC71C2E2B19E22D00D4F288 /* CertificateView.swift */; };
		BCFAF92F2B1741D700D29B05 /* CourseItem.swift in Sources */ = {isa = PBXBuildFile; fileRef = BCFAF92E2B1741D700D29B05 /* CourseItem.swift */; };
		BCFAF9312B17437E00D29B05 /* CourseView.swift in Sources */ = {isa = PBXBuildFile; fileRef = BCFAF9302B17437E00D29B05 /* CourseView.swift */; };
		BCFAF9332B1749C400D29B05 /* Animation.swift in Sources */ = {isa = PBXBuildFile; fileRef = BCFAF9322B1749C400D29B05 /* Animation.swift */; };
		BCFAF9352B175D6B00D29B05 /* Model.swift in Sources */ = {isa = PBXBuildFile; fileRef = BCFAF9342B175D6B00D29B05 /* Model.swift */; };
		BCFAF9372B1828A000D29B05 /* SearchView.swift in Sources */ = {isa = PBXBuildFile; fileRef = BCFAF9362B1828A000D29B05 /* SearchView.swift */; };
		BCFAF9392B182DCD00D29B05 /* Suggestion.swift in Sources */ = {isa = PBXBuildFile; fileRef = BCFAF9382B182DCD00D29B05 /* Suggestion.swift */; };
/* End PBXBuildFile section */

/* Begin PBXFileReference section */
		BC2030862B105158004A830A /* ScrollPreferenceKey.swift */ = {isa = PBXFileReference; lastKnownFileType = sourcecode.swift; path = ScrollPreferenceKey.swift; sourceTree = "<group>"; };
		BC2030882B107248004A830A /* AnimationFontModifier.swift */ = {isa = PBXFileReference; lastKnownFileType = sourcecode.swift; path = AnimationFontModifier.swift; sourceTree = "<group>"; };
		BC20308A2B107594004A830A /* FeaturCourse.swift */ = {isa = PBXFileReference; lastKnownFileType = sourcecode.swift; path = FeaturCourse.swift; sourceTree = "<group>"; };
		BC30AC562B18734100A79346 /* SignUpView.swift */ = {isa = PBXFileReference; lastKnownFileType = sourcecode.swift; path = SignUpView.swift; sourceTree = "<group>"; };
		BC30AC582B1877E000A79346 /* AngularButtonStyle.swift */ = {isa = PBXFileReference; lastKnownFileType = sourcecode.swift; path = AngularButtonStyle.swift; sourceTree = "<group>"; };
		BC30AC5A2B18882300A79346 /* InputStyle.swift */ = {isa = PBXFileReference; lastKnownFileType = sourcecode.swift; path = InputStyle.swift; sourceTree = "<group>"; };
		BC30AC5C2B18B1DF00A79346 /* ModalView.swift */ = {isa = PBXFileReference; lastKnownFileType = sourcecode.swift; path = ModalView.swift; sourceTree = "<group>"; };
		BC30AC5E2B18B24900A79346 /* SignInView.swift */ = {isa = PBXFileReference; lastKnownFileType = sourcecode.swift; path = SignInView.swift; sourceTree = "<group>"; };
		BC30AC622B18B9DF00A79346 /* AvatarView.swift */ = {isa = PBXFileReference; lastKnownFileType = sourcecode.swift; path = AvatarView.swift; sourceTree = "<group>"; };
		BC30AC642B19936E00A79346 /* Adress.swift */ = {isa = PBXFileReference; lastKnownFileType = sourcecode.swift; path = Adress.swift; sourceTree = "<group>"; };
		BC30AC662B19AC2600A79346 /* Coin.swift */ = {isa = PBXFileReference; lastKnownFileType = sourcecode.swift; path = Coin.swift; sourceTree = "<group>"; };
		BC30AC682B19B1BB00A79346 /* CircularView.swift */ = {isa = PBXFileReference; lastKnownFileType = sourcecode.swift; path = CircularView.swift; sourceTree = "<group>"; };
		BC30AC6A2B19B3C900A79346 /* CourseSection.swift */ = {isa = PBXFileReference; lastKnownFileType = sourcecode.swift; path = CourseSection.swift; sourceTree = "<group>"; };
		BC30AC6C2B19B4E200A79346 /* SectionRow.swift */ = {isa = PBXFileReference; lastKnownFileType = sourcecode.swift; path = SectionRow.swift; sourceTree = "<group>"; };
		BC30AC6E2B19B79E00A79346 /* SectionView.swift */ = {isa = PBXFileReference; lastKnownFileType = sourcecode.swift; path = SectionView.swift; sourceTree = "<group>"; };
		BC30AC702B19C53400A79346 /* PlayView.swift */ = {isa = PBXFileReference; lastKnownFileType = sourcecode.swift; path = PlayView.swift; sourceTree = "<group>"; };
		BC30AC722B19CC8E00A79346 /* ExploreView.swift */ = {isa = PBXFileReference; lastKnownFileType = sourcecode.swift; path = ExploreView.swift; sourceTree = "<group>"; };
		BC30AC742B19CD8500A79346 /* SmallCourseItem.swift */ = {isa = PBXFileReference; lastKnownFileType = sourcecode.swift; path = SmallCourseItem.swift; sourceTree = "<group>"; };
		BC30AC762B19D31400A79346 /* Handbook.swift */ = {isa = PBXFileReference; lastKnownFileType = sourcecode.swift; path = Handbook.swift; sourceTree = "<group>"; };
		BC30AC782B19D44600A79346 /* HandBookItem.swift */ = {isa = PBXFileReference; lastKnownFileType = sourcecode.swift; path = HandBookItem.swift; sourceTree = "<group>"; };
		BC30AC7A2B19D90B00A79346 /* Topic.swift */ = {isa = PBXFileReference; lastKnownFileType = sourcecode.swift; path = Topic.swift; sourceTree = "<group>"; };
		BC30AC7C2B19D98D00A79346 /* ListRow.swift */ = {isa = PBXFileReference; lastKnownFileType = sourcecode.swift; path = ListRow.swift; sourceTree = "<group>"; };
		BC4DBC1A2B19FD7200C457F6 /* SegmentTabs.swift */ = {isa = PBXFileReference; lastKnownFileType = sourcecode.swift; path = SegmentTabs.swift; sourceTree = "<group>"; };
		BC4DBC1C2B19FD9100C457F6 /* SegmentTabModel.swift */ = {isa = PBXFileReference; lastKnownFileType = sourcecode.swift; path = SegmentTabModel.swift; sourceTree = "<group>"; };
		BC4DBC1E2B1A02A500C457F6 /* SegmentContentView.swift */ = {isa = PBXFileReference; lastKnownFileType = sourcecode.swift; path = SegmentContentView.swift; sourceTree = "<group>"; };
		BC4DBC202B1A0D5300C457F6 /* RectRoundView.swift */ = {isa = PBXFileReference; lastKnownFileType = sourcecode.swift; path = RectRoundView.swift; sourceTree = "<group>"; };
		BC4DBC222B1A0F3B00C457F6 /* BarProgressStyle.swift */ = {isa = PBXFileReference; lastKnownFileType = sourcecode.swift; path = BarProgressStyle.swift; sourceTree = "<group>"; };
		BC4DBC242B1D71D000C457F6 /* ChartView.swift */ = {isa = PBXFileReference; lastKnownFileType = sourcecode.swift; path = ChartView.swift; sourceTree = "<group>"; };
		BC4DBC262B1D733800C457F6 /* ChartModel.swift */ = {isa = PBXFileReference; lastKnownFileType = sourcecode.swift; path = ChartModel.swift; sourceTree = "<group>"; };
		BC4DBC292B1DA6DF00C457F6 /* StaggeredView.swift */ = {isa = PBXFileReference; lastKnownFileType = sourcecode.swift; path = StaggeredView.swift; sourceTree = "<group>"; };
		BC4DBC2B2B1DA6E900C457F6 /* StaggeredGrid.swift */ = {isa = PBXFileReference; lastKnownFileType = sourcecode.swift; path = StaggeredGrid.swift; sourceTree = "<group>"; };
		BC4DBC2D2B1DA91100C457F6 /* StaggeredItem.swift */ = {isa = PBXFileReference; lastKnownFileType = sourcecode.swift; path = StaggeredItem.swift; sourceTree = "<group>"; };
		BC4DBC2F2B1DA92500C457F6 /* StaggeredModel.swift */ = {isa = PBXFileReference; lastKnownFileType = sourcecode.swift; path = StaggeredModel.swift; sourceTree = "<group>"; };
		BC9545DD2B0EFDE6005C15C1 /* SwiftUIDemo.app */ = {isa = PBXFileReference; explicitFileType = wrapper.application; includeInIndex = 0; path = SwiftUIDemo.app; sourceTree = BUILT_PRODUCTS_DIR; };
		BC9545E02B0EFDE6005C15C1 /* SwiftUIDemoApp.swift */ = {isa = PBXFileReference; lastKnownFileType = sourcecode.swift; path = SwiftUIDemoApp.swift; sourceTree = "<group>"; };
		BC9545E22B0EFDE6005C15C1 /* MainContentView.swift */ = {isa = PBXFileReference; lastKnownFileType = sourcecode.swift; path = MainContentView.swift; sourceTree = "<group>"; };
		BC9545E42B0EFDE8005C15C1 /* Assets.xcassets */ = {isa = PBXFileReference; lastKnownFileType = folder.assetcatalog; path = Assets.xcassets; sourceTree = "<group>"; };
		BC9545E72B0EFDE8005C15C1 /* Preview Assets.xcassets */ = {isa = PBXFileReference; lastKnownFileType = folder.assetcatalog; path = "Preview Assets.xcassets"; sourceTree = "<group>"; };
		BC9545EE2B0F2C2A005C15C1 /* Styles.swift */ = {isa = PBXFileReference; lastKnownFileType = sourcecode.swift; path = Styles.swift; sourceTree = "<group>"; };
		BC9545F02B0F2F5E005C15C1 /* AccountView.swift */ = {isa = PBXFileReference; lastKnownFileType = sourcecode.swift; path = AccountView.swift; sourceTree = "<group>"; };
		BC9546412B0F4C94005C15C1 /* HexagonView.swift */ = {isa = PBXFileReference; lastKnownFileType = sourcecode.swift; path = HexagonView.swift; sourceTree = "<group>"; };
		BC9546432B0F4FE5005C15C1 /* BlobView.swift */ = {isa = PBXFileReference; lastKnownFileType = sourcecode.swift; path = BlobView.swift; sourceTree = "<group>"; };
		BC9546492B0F61B8005C15C1 /* Tabbar.swift */ = {isa = PBXFileReference; lastKnownFileType = sourcecode.swift; path = Tabbar.swift; sourceTree = "<group>"; };
		BC95464D2B0F687D005C15C1 /* TabItem.swift */ = {isa = PBXFileReference; lastKnownFileType = sourcecode.swift; path = TabItem.swift; sourceTree = "<group>"; };
		BC95464F2B0F7DDA005C15C1 /* HomeView.swift */ = {isa = PBXFileReference; lastKnownFileType = sourcecode.swift; path = HomeView.swift; sourceTree = "<group>"; };
		BC9546572B0F89C8005C15C1 /* FeaturedItem.swift */ = {isa = PBXFileReference; lastKnownFileType = sourcecode.swift; path = FeaturedItem.swift; sourceTree = "<group>"; };
		BC9546592B0F8B4E005C15C1 /* NavigationBar.swift */ = {isa = PBXFileReference; lastKnownFileType = sourcecode.swift; path = NavigationBar.swift; sourceTree = "<group>"; };
		BCC71C2A2B19E08000D4F288 /* NotificationsView.swift */ = {isa = PBXFileReference; lastKnownFileType = sourcecode.swift; path = NotificationsView.swift; sourceTree = "<group>"; };
		BCC71C2C2B19E1A700D4F288 /* LibraryView.swift */ = {isa = PBXFileReference; lastKnownFileType = sourcecode.swift; path = LibraryView.swift; sourceTree = "<group>"; };
		BCC71C2E2B19E22D00D4F288 /* CertificateView.swift */ = {isa = PBXFileReference; lastKnownFileType = sourcecode.swift; path = CertificateView.swift; sourceTree = "<group>"; };
		BCFAF92E2B1741D700D29B05 /* CourseItem.swift */ = {isa = PBXFileReference; lastKnownFileType = sourcecode.swift; path = CourseItem.swift; sourceTree = "<group>"; };
		BCFAF9302B17437E00D29B05 /* CourseView.swift */ = {isa = PBXFileReference; lastKnownFileType = sourcecode.swift; path = CourseView.swift; sourceTree = "<group>"; };
		BCFAF9322B1749C400D29B05 /* Animation.swift */ = {isa = PBXFileReference; lastKnownFileType = sourcecode.swift; path = Animation.swift; sourceTree = "<group>"; };
		BCFAF9342B175D6B00D29B05 /* Model.swift */ = {isa = PBXFileReference; lastKnownFileType = sourcecode.swift; path = Model.swift; sourceTree = "<group>"; };
		BCFAF9362B1828A000D29B05 /* SearchView.swift */ = {isa = PBXFileReference; lastKnownFileType = sourcecode.swift; path = SearchView.swift; sourceTree = "<group>"; };
		BCFAF9382B182DCD00D29B05 /* Suggestion.swift */ = {isa = PBXFileReference; lastKnownFileType = sourcecode.swift; path = Suggestion.swift; sourceTree = "<group>"; };
/* End PBXFileReference section */

/* Begin PBXFrameworksBuildPhase section */
		BC9545DA2B0EFDE6005C15C1 /* Frameworks */ = {
			isa = PBXFrameworksBuildPhase;
			buildActionMask = 2147483647;
			files = (
			);
			runOnlyForDeploymentPostprocessing = 0;
		};
/* End PBXFrameworksBuildPhase section */

/* Begin PBXGroup section */
		BC30AC612B18B62F00A79346 /* Modals */ = {
			isa = PBXGroup;
			children = (
				BC30AC562B18734100A79346 /* SignUpView.swift */,
				BC30AC5E2B18B24900A79346 /* SignInView.swift */,
				BC30AC5C2B18B1DF00A79346 /* ModalView.swift */,
			);
			path = Modals;
			sourceTree = "<group>";
		};
		BC30AC7E2B19DB3500A79346 /* Main */ = {
			isa = PBXGroup;
			children = (
				BC95464F2B0F7DDA005C15C1 /* HomeView.swift */,
				BC30AC722B19CC8E00A79346 /* ExploreView.swift */,
				BCC71C2A2B19E08000D4F288 /* NotificationsView.swift */,
				BCC71C2C2B19E1A700D4F288 /* LibraryView.swift */,
			);
			path = Main;
			sourceTree = "<group>";
		};
		BC30AC7F2B19DB6800A79346 /* Sheets */ = {
			isa = PBXGroup;
			children = (
				BC9545F02B0F2F5E005C15C1 /* AccountView.swift */,
				BCFAF9362B1828A000D29B05 /* SearchView.swift */,
			);
			path = Sheets;
			sourceTree = "<group>";
		};
		BC30AC802B19DB8000A79346 /* Details */ = {
			isa = PBXGroup;
			children = (
				BCFAF9302B17437E00D29B05 /* CourseView.swift */,
				BC30AC6E2B19B79E00A79346 /* SectionView.swift */,
			);
			path = Details;
			sourceTree = "<group>";
		};
		BC4DBC192B19FC8000C457F6 /* Tabs */ = {
			isa = PBXGroup;
			children = (
				BC4DBC1A2B19FD7200C457F6 /* SegmentTabs.swift */,
				BC4DBC1E2B1A02A500C457F6 /* SegmentContentView.swift */,
			);
			path = Tabs;
			sourceTree = "<group>";
		};
		BC4DBC282B1DA6C000C457F6 /* Staggered */ = {
			isa = PBXGroup;
			children = (
				BC4DBC292B1DA6DF00C457F6 /* StaggeredView.swift */,
				BC4DBC2B2B1DA6E900C457F6 /* StaggeredGrid.swift */,
				BC4DBC2D2B1DA91100C457F6 /* StaggeredItem.swift */,
			);
			path = Staggered;
			sourceTree = "<group>";
		};
		BC9545D42B0EFDE6005C15C1 = {
			isa = PBXGroup;
			children = (
				BC9545DF2B0EFDE6005C15C1 /* SwiftUIDemo */,
				BC9545DE2B0EFDE6005C15C1 /* Products */,
			);
			sourceTree = "<group>";
		};
		BC9545DE2B0EFDE6005C15C1 /* Products */ = {
			isa = PBXGroup;
			children = (
				BC9545DD2B0EFDE6005C15C1 /* SwiftUIDemo.app */,
			);
			name = Products;
			sourceTree = "<group>";
		};
		BC9545DF2B0EFDE6005C15C1 /* SwiftUIDemo */ = {
			isa = PBXGroup;
			children = (
				BC9545E02B0EFDE6005C15C1 /* SwiftUIDemoApp.swift */,
				BC9546562B0F8142005C15C1 /* Navigations */,
				BC9546522B0F7FA5005C15C1 /* Views */,
				BC9546532B0F7FBE005C15C1 /* Components */,
				BC9546542B0F7FE3005C15C1 /* Models */,
				BC9546552B0F8042005C15C1 /* Styles */,
				BC9545E42B0EFDE8005C15C1 /* Assets.xcassets */,
				BC9545E62B0EFDE8005C15C1 /* Preview Content */,
			);
			path = SwiftUIDemo;
			sourceTree = "<group>";
		};
		BC9545E62B0EFDE8005C15C1 /* Preview Content */ = {
			isa = PBXGroup;
			children = (
				BC9545E72B0EFDE8005C15C1 /* Preview Assets.xcassets */,
			);
			path = "Preview Content";
			sourceTree = "<group>";
		};
		BC9546522B0F7FA5005C15C1 /* Views */ = {
			isa = PBXGroup;
			children = (
				BC30AC7E2B19DB3500A79346 /* Main */,
				BC30AC802B19DB8000A79346 /* Details */,
				BC30AC7F2B19DB6800A79346 /* Sheets */,
				BC30AC612B18B62F00A79346 /* Modals */,
				BC4DBC282B1DA6C000C457F6 /* Staggered */,
			);
			path = Views;
			sourceTree = "<group>";
		};
		BC9546532B0F7FBE005C15C1 /* Components */ = {
			isa = PBXGroup;
			children = (
				BC4DBC192B19FC8000C457F6 /* Tabs */,
				BCC71C292B19DC7100D4F288 /* Graphics */,
				BCC71C272B19DC2000D4F288 /* Items */,
				BCC71C282B19DC5800D4F288 /* Buttons */,
			);
			path = Components;
			sourceTree = "<group>";
		};
		BC9546542B0F7FE3005C15C1 /* Models */ = {
			isa = PBXGroup;
			children = (
				BC95464D2B0F687D005C15C1 /* TabItem.swift */,
				BC2030862B105158004A830A /* ScrollPreferenceKey.swift */,
				BC20308A2B107594004A830A /* FeaturCourse.swift */,
				BCFAF9382B182DCD00D29B05 /* Suggestion.swift */,
				BC30AC642B19936E00A79346 /* Adress.swift */,
				BC30AC662B19AC2600A79346 /* Coin.swift */,
				BC30AC6A2B19B3C900A79346 /* CourseSection.swift */,
				BC30AC762B19D31400A79346 /* Handbook.swift */,
				BC30AC7A2B19D90B00A79346 /* Topic.swift */,
				BC4DBC1C2B19FD9100C457F6 /* SegmentTabModel.swift */,
				BC4DBC262B1D733800C457F6 /* ChartModel.swift */,
				BC4DBC2F2B1DA92500C457F6 /* StaggeredModel.swift */,
			);
			path = Models;
			sourceTree = "<group>";
		};
		BC9546552B0F8042005C15C1 /* Styles */ = {
			isa = PBXGroup;
			children = (
				BC4DBC222B1A0F3B00C457F6 /* BarProgressStyle.swift */,
				BC9545EE2B0F2C2A005C15C1 /* Styles.swift */,
				BC2030882B107248004A830A /* AnimationFontModifier.swift */,
				BCFAF9322B1749C400D29B05 /* Animation.swift */,
				BCFAF9342B175D6B00D29B05 /* Model.swift */,
				BC30AC582B1877E000A79346 /* AngularButtonStyle.swift */,
				BC30AC5A2B18882300A79346 /* InputStyle.swift */,
			);
			path = Styles;
			sourceTree = "<group>";
		};
		BC9546562B0F8142005C15C1 /* Navigations */ = {
			isa = PBXGroup;
			children = (
				BC9546492B0F61B8005C15C1 /* Tabbar.swift */,
				BC9545E22B0EFDE6005C15C1 /* MainContentView.swift */,
				BC9546592B0F8B4E005C15C1 /* NavigationBar.swift */,
			);
			path = Navigations;
			sourceTree = "<group>";
		};
		BCC71C272B19DC2000D4F288 /* Items */ = {
			isa = PBXGroup;
			children = (
				BC9546572B0F89C8005C15C1 /* FeaturedItem.swift */,
				BCFAF92E2B1741D700D29B05 /* CourseItem.swift */,
				BC30AC742B19CD8500A79346 /* SmallCourseItem.swift */,
				BC30AC782B19D44600A79346 /* HandBookItem.swift */,
				BC30AC7C2B19D98D00A79346 /* ListRow.swift */,
				BC30AC6C2B19B4E200A79346 /* SectionRow.swift */,
				BCC71C2E2B19E22D00D4F288 /* CertificateView.swift */,
			);
			path = Items;
			sourceTree = "<group>";
		};
		BCC71C282B19DC5800D4F288 /* Buttons */ = {
			isa = PBXGroup;
			children = (
				BC30AC622B18B9DF00A79346 /* AvatarView.swift */,
				BC30AC702B19C53400A79346 /* PlayView.swift */,
			);
			path = Buttons;
			sourceTree = "<group>";
		};
		BCC71C292B19DC7100D4F288 /* Graphics */ = {
			isa = PBXGroup;
			children = (
				BC9546432B0F4FE5005C15C1 /* BlobView.swift */,
				BC9546412B0F4C94005C15C1 /* HexagonView.swift */,
				BC30AC682B19B1BB00A79346 /* CircularView.swift */,
				BC4DBC202B1A0D5300C457F6 /* RectRoundView.swift */,
				BC4DBC242B1D71D000C457F6 /* ChartView.swift */,
			);
			path = Graphics;
			sourceTree = "<group>";
		};
/* End PBXGroup section */

/* Begin PBXNativeTarget section */
		BC9545DC2B0EFDE6005C15C1 /* SwiftUIDemo */ = {
			isa = PBXNativeTarget;
			buildConfigurationList = BC9545EB2B0EFDE8005C15C1 /* Build configuration list for PBXNativeTarget "SwiftUIDemo" */;
			buildPhases = (
				BC9545D92B0EFDE6005C15C1 /* Sources */,
				BC9545DA2B0EFDE6005C15C1 /* Frameworks */,
				BC9545DB2B0EFDE6005C15C1 /* Resources */,
			);
			buildRules = (
			);
			dependencies = (
			);
			name = SwiftUIDemo;
			productName = SwiftUIDemo;
			productReference = BC9545DD2B0EFDE6005C15C1 /* SwiftUIDemo.app */;
			productType = "com.apple.product-type.application";
		};
/* End PBXNativeTarget section */

/* Begin PBXProject section */
		BC9545D52B0EFDE6005C15C1 /* Project object */ = {
			isa = PBXProject;
			attributes = {
				BuildIndependentTargetsInParallel = 1;
				LastSwiftUpdateCheck = 1400;
				LastUpgradeCheck = 1400;
				TargetAttributes = {
					BC9545DC2B0EFDE6005C15C1 = {
						CreatedOnToolsVersion = 14.0;
					};
				};
			};
			buildConfigurationList = BC9545D82B0EFDE6005C15C1 /* Build configuration list for PBXProject "SwiftUIDemo" */;
			compatibilityVersion = "Xcode 14.0";
			developmentRegion = en;
			hasScannedForEncodings = 0;
			knownRegions = (
				en,
				Base,
			);
			mainGroup = BC9545D42B0EFDE6005C15C1;
			productRefGroup = BC9545DE2B0EFDE6005C15C1 /* Products */;
			projectDirPath = "";
			projectRoot = "";
			targets = (
				BC9545DC2B0EFDE6005C15C1 /* SwiftUIDemo */,
			);
		};
/* End PBXProject section */

/* Begin PBXResourcesBuildPhase section */
		BC9545DB2B0EFDE6005C15C1 /* Resources */ = {
			isa = PBXResourcesBuildPhase;
			buildActionMask = 2147483647;
			files = (
				BC9545E82B0EFDE8005C15C1 /* Preview Assets.xcassets in Resources */,
				BC9545E52B0EFDE8005C15C1 /* Assets.xcassets in Resources */,
			);
			runOnlyForDeploymentPostprocessing = 0;
		};
/* End PBXResourcesBuildPhase section */

/* Begin PBXSourcesBuildPhase section */
		BC9545D92B0EFDE6005C15C1 /* Sources */ = {
			isa = PBXSourcesBuildPhase;
			buildActionMask = 2147483647;
			files = (
				BCFAF9372B1828A000D29B05 /* SearchView.swift in Sources */,
				BC9546502B0F7DDA005C15C1 /* HomeView.swift in Sources */,
				BC30AC792B19D44600A79346 /* HandBookItem.swift in Sources */,
				BC30AC6F2B19B79F00A79346 /* SectionView.swift in Sources */,
				BC4DBC2C2B1DA6E900C457F6 /* StaggeredGrid.swift in Sources */,
				BC30AC7D2B19D98D00A79346 /* ListRow.swift in Sources */,
				BC95464A2B0F61B8005C15C1 /* Tabbar.swift in Sources */,
				BC30AC712B19C53400A79346 /* PlayView.swift in Sources */,
				BCFAF9312B17437E00D29B05 /* CourseView.swift in Sources */,
				BC2030892B107248004A830A /* AnimationFontModifier.swift in Sources */,
				BCFAF9392B182DCD00D29B05 /* Suggestion.swift in Sources */,
				BC9545F12B0F2F5E005C15C1 /* AccountView.swift in Sources */,
				BC30AC632B18B9DF00A79346 /* AvatarView.swift in Sources */,
				BC9546422B0F4C94005C15C1 /* HexagonView.swift in Sources */,
				BC9545EF2B0F2C2A005C15C1 /* Styles.swift in Sources */,
				BC30AC592B1877E000A79346 /* AngularButtonStyle.swift in Sources */,
				BC30AC732B19CC8E00A79346 /* ExploreView.swift in Sources */,
				BC95465A2B0F8B4E005C15C1 /* NavigationBar.swift in Sources */,
				BC30AC772B19D31400A79346 /* Handbook.swift in Sources */,
				BC4DBC232B1A0F3B00C457F6 /* BarProgressStyle.swift in Sources */,
				BC30AC5F2B18B24900A79346 /* SignInView.swift in Sources */,
				BC9546442B0F4FE5005C15C1 /* BlobView.swift in Sources */,
				BCC71C2F2B19E22D00D4F288 /* CertificateView.swift in Sources */,
				BC30AC692B19B1BB00A79346 /* CircularView.swift in Sources */,
				BC4DBC252B1D71D000C457F6 /* ChartView.swift in Sources */,
				BC4DBC272B1D733800C457F6 /* ChartModel.swift in Sources */,
				BC30AC6B2B19B3C900A79346 /* CourseSection.swift in Sources */,
				BCC71C2D2B19E1A700D4F288 /* LibraryView.swift in Sources */,
				BC30AC672B19AC2600A79346 /* Coin.swift in Sources */,
				BC30AC752B19CD8500A79346 /* SmallCourseItem.swift in Sources */,
				BC9545E32B0EFDE6005C15C1 /* MainContentView.swift in Sources */,
				BC4DBC1F2B1A02A500C457F6 /* SegmentContentView.swift in Sources */,
				BC95464E2B0F687D005C15C1 /* TabItem.swift in Sources */,
				BC30AC652B19936E00A79346 /* Adress.swift in Sources */,
				BC4DBC2A2B1DA6DF00C457F6 /* StaggeredView.swift in Sources */,
				BC4DBC2E2B1DA91100C457F6 /* StaggeredItem.swift in Sources */,
				BCFAF92F2B1741D700D29B05 /* CourseItem.swift in Sources */,
				BC4DBC212B1A0D5300C457F6 /* RectRoundView.swift in Sources */,
				BC9546582B0F89C8005C15C1 /* FeaturedItem.swift in Sources */,
				BC30AC572B18734100A79346 /* SignUpView.swift in Sources */,
				BC30AC6D2B19B4E200A79346 /* SectionRow.swift in Sources */,
				BCC71C2B2B19E08000D4F288 /* NotificationsView.swift in Sources */,
				BC20308B2B107594004A830A /* FeaturCourse.swift in Sources */,
				BC9545E12B0EFDE6005C15C1 /* SwiftUIDemoApp.swift in Sources */,
				BC30AC5B2B18882300A79346 /* InputStyle.swift in Sources */,
				BC30AC7B2B19D90B00A79346 /* Topic.swift in Sources */,
				BCFAF9352B175D6B00D29B05 /* Model.swift in Sources */,
				BC4DBC302B1DA92500C457F6 /* StaggeredModel.swift in Sources */,
				BCFAF9332B1749C400D29B05 /* Animation.swift in Sources */,
				BC2030872B105158004A830A /* ScrollPreferenceKey.swift in Sources */,
				BC30AC5D2B18B1DF00A79346 /* ModalView.swift in Sources */,
				BC4DBC1B2B19FD7200C457F6 /* SegmentTabs.swift in Sources */,
				BC4DBC1D2B19FD9100C457F6 /* SegmentTabModel.swift in Sources */,
			);
			runOnlyForDeploymentPostprocessing = 0;
		};
/* End PBXSourcesBuildPhase section */

/* Begin XCBuildConfiguration section */
		BC9545E92B0EFDE8005C15C1 /* Debug */ = {
			isa = XCBuildConfiguration;
			buildSettings = {
				ALWAYS_SEARCH_USER_PATHS = NO;
				CLANG_ANALYZER_NONNULL = YES;
				CLANG_ANALYZER_NUMBER_OBJECT_CONVERSION = YES_AGGRESSIVE;
				CLANG_CXX_LANGUAGE_STANDARD = "gnu++20";
				CLANG_ENABLE_MODULES = YES;
				CLANG_ENABLE_OBJC_ARC = YES;
				CLANG_ENABLE_OBJC_WEAK = YES;
				CLANG_WARN_BLOCK_CAPTURE_AUTORELEASING = YES;
				CLANG_WARN_BOOL_CONVERSION = YES;
				CLANG_WARN_COMMA = YES;
				CLANG_WARN_CONSTANT_CONVERSION = YES;
				CLANG_WARN_DEPRECATED_OBJC_IMPLEMENTATIONS = YES;
				CLANG_WARN_DIRECT_OBJC_ISA_USAGE = YES_ERROR;
				CLANG_WARN_DOCUMENTATION_COMMENTS = YES;
				CLANG_WARN_EMPTY_BODY = YES;
				CLANG_WARN_ENUM_CONVERSION = YES;
				CLANG_WARN_INFINITE_RECURSION = YES;
				CLANG_WARN_INT_CONVERSION = YES;
				CLANG_WARN_NON_LITERAL_NULL_CONVERSION = YES;
				CLANG_WARN_OBJC_IMPLICIT_RETAIN_SELF = YES;
				CLANG_WARN_OBJC_LITERAL_CONVERSION = YES;
				CLANG_WARN_OBJC_ROOT_CLASS = YES_ERROR;
				CLANG_WARN_QUOTED_INCLUDE_IN_FRAMEWORK_HEADER = YES;
				CLANG_WARN_RANGE_LOOP_ANALYSIS = YES;
				CLANG_WARN_STRICT_PROTOTYPES = YES;
				CLANG_WARN_SUSPICIOUS_MOVE = YES;
				CLANG_WARN_UNGUARDED_AVAILABILITY = YES_AGGRESSIVE;
				CLANG_WARN_UNREACHABLE_CODE = YES;
				CLANG_WARN__DUPLICATE_METHOD_MATCH = YES;
				COPY_PHASE_STRIP = NO;
				DEBUG_INFORMATION_FORMAT = dwarf;
				ENABLE_STRICT_OBJC_MSGSEND = YES;
				ENABLE_TESTABILITY = YES;
				GCC_C_LANGUAGE_STANDARD = gnu11;
				GCC_DYNAMIC_NO_PIC = NO;
				GCC_NO_COMMON_BLOCKS = YES;
				GCC_OPTIMIZATION_LEVEL = 0;
				GCC_PREPROCESSOR_DEFINITIONS = (
					"DEBUG=1",
					"$(inherited)",
				);
				GCC_WARN_64_TO_32_BIT_CONVERSION = YES;
				GCC_WARN_ABOUT_RETURN_TYPE = YES_ERROR;
				GCC_WARN_UNDECLARED_SELECTOR = YES;
				GCC_WARN_UNINITIALIZED_AUTOS = YES_AGGRESSIVE;
				GCC_WARN_UNUSED_FUNCTION = YES;
				GCC_WARN_UNUSED_VARIABLE = YES;
				IPHONEOS_DEPLOYMENT_TARGET = 16.0;
				MTL_ENABLE_DEBUG_INFO = INCLUDE_SOURCE;
				MTL_FAST_MATH = YES;
				ONLY_ACTIVE_ARCH = YES;
				SDKROOT = iphoneos;
				SWIFT_ACTIVE_COMPILATION_CONDITIONS = DEBUG;
				SWIFT_OPTIMIZATION_LEVEL = "-Onone";
			};
			name = Debug;
		};
		BC9545EA2B0EFDE8005C15C1 /* Release */ = {
			isa = XCBuildConfiguration;
			buildSettings = {
				ALWAYS_SEARCH_USER_PATHS = NO;
				CLANG_ANALYZER_NONNULL = YES;
				CLANG_ANALYZER_NUMBER_OBJECT_CONVERSION = YES_AGGRESSIVE;
				CLANG_CXX_LANGUAGE_STANDARD = "gnu++20";
				CLANG_ENABLE_MODULES = YES;
				CLANG_ENABLE_OBJC_ARC = YES;
				CLANG_ENABLE_OBJC_WEAK = YES;
				CLANG_WARN_BLOCK_CAPTURE_AUTORELEASING = YES;
				CLANG_WARN_BOOL_CONVERSION = YES;
				CLANG_WARN_COMMA = YES;
				CLANG_WARN_CONSTANT_CONVERSION = YES;
				CLANG_WARN_DEPRECATED_OBJC_IMPLEMENTATIONS = YES;
				CLANG_WARN_DIRECT_OBJC_ISA_USAGE = YES_ERROR;
				CLANG_WARN_DOCUMENTATION_COMMENTS = YES;
				CLANG_WARN_EMPTY_BODY = YES;
				CLANG_WARN_ENUM_CONVERSION = YES;
				CLANG_WARN_INFINITE_RECURSION = YES;
				CLANG_WARN_INT_CONVERSION = YES;
				CLANG_WARN_NON_LITERAL_NULL_CONVERSION = YES;
				CLANG_WARN_OBJC_IMPLICIT_RETAIN_SELF = YES;
				CLANG_WARN_OBJC_LITERAL_CONVERSION = YES;
				CLANG_WARN_OBJC_ROOT_CLASS = YES_ERROR;
				CLANG_WARN_QUOTED_INCLUDE_IN_FRAMEWORK_HEADER = YES;
				CLANG_WARN_RANGE_LOOP_ANALYSIS = YES;
				CLANG_WARN_STRICT_PROTOTYPES = YES;
				CLANG_WARN_SUSPICIOUS_MOVE = YES;
				CLANG_WARN_UNGUARDED_AVAILABILITY = YES_AGGRESSIVE;
				CLANG_WARN_UNREACHABLE_CODE = YES;
				CLANG_WARN__DUPLICATE_METHOD_MATCH = YES;
				COPY_PHASE_STRIP = NO;
				DEBUG_INFORMATION_FORMAT = "dwarf-with-dsym";
				ENABLE_NS_ASSERTIONS = NO;
				ENABLE_STRICT_OBJC_MSGSEND = YES;
				GCC_C_LANGUAGE_STANDARD = gnu11;
				GCC_NO_COMMON_BLOCKS = YES;
				GCC_WARN_64_TO_32_BIT_CONVERSION = YES;
				GCC_WARN_ABOUT_RETURN_TYPE = YES_ERROR;
				GCC_WARN_UNDECLARED_SELECTOR = YES;
				GCC_WARN_UNINITIALIZED_AUTOS = YES_AGGRESSIVE;
				GCC_WARN_UNUSED_FUNCTION = YES;
				GCC_WARN_UNUSED_VARIABLE = YES;
				IPHONEOS_DEPLOYMENT_TARGET = 16.0;
				MTL_ENABLE_DEBUG_INFO = NO;
				MTL_FAST_MATH = YES;
				SDKROOT = iphoneos;
				SWIFT_COMPILATION_MODE = wholemodule;
				SWIFT_OPTIMIZATION_LEVEL = "-O";
				VALIDATE_PRODUCT = YES;
			};
			name = Release;
		};
		BC9545EC2B0EFDE8005C15C1 /* Debug */ = {
			isa = XCBuildConfiguration;
			buildSettings = {
				ASSETCATALOG_COMPILER_APPICON_NAME = AppIcon;
				ASSETCATALOG_COMPILER_GLOBAL_ACCENT_COLOR_NAME = AccentColor;
				CODE_SIGN_STYLE = Automatic;
				CURRENT_PROJECT_VERSION = 1;
				DEVELOPMENT_ASSET_PATHS = "\"SwiftUIDemo/Preview Content\"";
				ENABLE_PREVIEWS = YES;
				GENERATE_INFOPLIST_FILE = YES;
				INFOPLIST_KEY_UIApplicationSceneManifest_Generation = YES;
				INFOPLIST_KEY_UIApplicationSupportsIndirectInputEvents = YES;
				INFOPLIST_KEY_UILaunchScreen_Generation = YES;
				INFOPLIST_KEY_UISupportedInterfaceOrientations_iPad = "UIInterfaceOrientationPortrait UIInterfaceOrientationPortraitUpsideDown UIInterfaceOrientationLandscapeLeft UIInterfaceOrientationLandscapeRight";
				INFOPLIST_KEY_UISupportedInterfaceOrientations_iPhone = "UIInterfaceOrientationPortrait UIInterfaceOrientationLandscapeLeft UIInterfaceOrientationLandscapeRight";
				LD_RUNPATH_SEARCH_PATHS = (
					"$(inherited)",
					"@executable_path/Frameworks",
				);
				MARKETING_VERSION = 1.0;
				PRODUCT_BUNDLE_IDENTIFIER = io.desccode.SwiftUIDemo;
				PRODUCT_NAME = "$(TARGET_NAME)";
				SWIFT_EMIT_LOC_STRINGS = YES;
				SWIFT_VERSION = 5.0;
				TARGETED_DEVICE_FAMILY = "1,2";
			};
			name = Debug;
		};
		BC9545ED2B0EFDE8005C15C1 /* Release */ = {
			isa = XCBuildConfiguration;
			buildSettings = {
				ASSETCATALOG_COMPILER_APPICON_NAME = AppIcon;
				ASSETCATALOG_COMPILER_GLOBAL_ACCENT_COLOR_NAME = AccentColor;
				CODE_SIGN_STYLE = Automatic;
				CURRENT_PROJECT_VERSION = 1;
				DEVELOPMENT_ASSET_PATHS = "\"SwiftUIDemo/Preview Content\"";
				ENABLE_PREVIEWS = YES;
				GENERATE_INFOPLIST_FILE = YES;
				INFOPLIST_KEY_UIApplicationSceneManifest_Generation = YES;
				INFOPLIST_KEY_UIApplicationSupportsIndirectInputEvents = YES;
				INFOPLIST_KEY_UILaunchScreen_Generation = YES;
				INFOPLIST_KEY_UISupportedInterfaceOrientations_iPad = "UIInterfaceOrientationPortrait UIInterfaceOrientationPortraitUpsideDown UIInterfaceOrientationLandscapeLeft UIInterfaceOrientationLandscapeRight";
				INFOPLIST_KEY_UISupportedInterfaceOrientations_iPhone = "UIInterfaceOrientationPortrait UIInterfaceOrientationLandscapeLeft UIInterfaceOrientationLandscapeRight";
				LD_RUNPATH_SEARCH_PATHS = (
					"$(inherited)",
					"@executable_path/Frameworks",
				);
				MARKETING_VERSION = 1.0;
				PRODUCT_BUNDLE_IDENTIFIER = io.desccode.SwiftUIDemo;
				PRODUCT_NAME = "$(TARGET_NAME)";
				SWIFT_EMIT_LOC_STRINGS = YES;
				SWIFT_VERSION = 5.0;
				TARGETED_DEVICE_FAMILY = "1,2";
			};
			name = Release;
		};
/* End XCBuildConfiguration section */

/* Begin XCConfigurationList section */
		BC9545D82B0EFDE6005C15C1 /* Build configuration list for PBXProject "SwiftUIDemo" */ = {
			isa = XCConfigurationList;
			buildConfigurations = (
				BC9545E92B0EFDE8005C15C1 /* Debug */,
				BC9545EA2B0EFDE8005C15C1 /* Release */,
			);
			defaultConfigurationIsVisible = 0;
			defaultConfigurationName = Release;
		};
		BC9545EB2B0EFDE8005C15C1 /* Build configuration list for PBXNativeTarget "SwiftUIDemo" */ = {
			isa = XCConfigurationList;
			buildConfigurations = (
				BC9545EC2B0EFDE8005C15C1 /* Debug */,
				BC9545ED2B0EFDE8005C15C1 /* Release */,
			);
			defaultConfigurationIsVisible = 0;
			defaultConfigurationName = Release;
		};
/* End XCConfigurationList section */
	};
	rootObject = BC9545D52B0EFDE6005C15C1 /* Project object */;
}
